// !$*UTF8*$!
{
	archiveVersion = 1;
	classes = {
	};
	objectVersion = 77;
	objects = {

/* Begin PBXBuildFile section */
		966D47122D9A17A900F167F0 /* FirebaseAuth in Frameworks */ = {isa = PBXBuildFile; productRef = 966D47112D9A17A900F167F0 /* FirebaseAuth */; };
		966D47142D9A17A900F167F0 /* FirebaseCore in Frameworks */ = {isa = PBXBuildFile; productRef = 966D47132D9A17A900F167F0 /* FirebaseCore */; };
		966D471C2D9A268200F167F0 /* FirebaseAnalytics in Frameworks */ = {isa = PBXBuildFile; productRef = 966D471B2D9A268200F167F0 /* FirebaseAnalytics */; };
		966D471E2D9A268200F167F0 /* FirebaseAnalyticsOnDeviceConversion in Frameworks */ = {isa = PBXBuildFile; productRef = 966D471D2D9A268200F167F0 /* FirebaseAnalyticsOnDeviceConversion */; };
		966D47202D9A268200F167F0 /* FirebaseAnalyticsWithoutAdIdSupport in Frameworks */ = {isa = PBXBuildFile; productRef = 966D471F2D9A268200F167F0 /* FirebaseAnalyticsWithoutAdIdSupport */; };
		966D47222D9A268200F167F0 /* FirebaseAppCheck in Frameworks */ = {isa = PBXBuildFile; productRef = 966D47212D9A268200F167F0 /* FirebaseAppCheck */; };
		966D47242D9A268200F167F0 /* FirebaseAppDistribution-Beta in Frameworks */ = {isa = PBXBuildFile; productRef = 966D47232D9A268200F167F0 /* FirebaseAppDistribution-Beta */; };
		966D47262D9A268200F167F0 /* FirebaseAuthCombine-Community in Frameworks */ = {isa = PBXBuildFile; productRef = 966D47252D9A268200F167F0 /* FirebaseAuthCombine-Community */; };
		966D47282D9A268200F167F0 /* FirebaseCrashlytics in Frameworks */ = {isa = PBXBuildFile; productRef = 966D47272D9A268200F167F0 /* FirebaseCrashlytics */; };
		966D472A2D9A268200F167F0 /* FirebaseDatabase in Frameworks */ = {isa = PBXBuildFile; productRef = 966D47292D9A268200F167F0 /* FirebaseDatabase */; };
		966D472C2D9A268200F167F0 /* FirebaseDynamicLinks in Frameworks */ = {isa = PBXBuildFile; productRef = 966D472B2D9A268200F167F0 /* FirebaseDynamicLinks */; };
		966D472E2D9A268200F167F0 /* FirebaseFirestore in Frameworks */ = {isa = PBXBuildFile; productRef = 966D472D2D9A268200F167F0 /* FirebaseFirestore */; };
		966D47302D9A268200F167F0 /* FirebaseFirestoreCombine-Community in Frameworks */ = {isa = PBXBuildFile; productRef = 966D472F2D9A268200F167F0 /* FirebaseFirestoreCombine-Community */; };
		966D47322D9A268200F167F0 /* FirebaseFunctions in Frameworks */ = {isa = PBXBuildFile; productRef = 966D47312D9A268200F167F0 /* FirebaseFunctions */; };
		966D47342D9A268200F167F0 /* FirebaseFunctionsCombine-Community in Frameworks */ = {isa = PBXBuildFile; productRef = 966D47332D9A268200F167F0 /* FirebaseFunctionsCombine-Community */; };
		966D47362D9A268200F167F0 /* FirebaseInAppMessaging-Beta in Frameworks */ = {isa = PBXBuildFile; productRef = 966D47352D9A268200F167F0 /* FirebaseInAppMessaging-Beta */; };
		966D47382D9A268200F167F0 /* FirebaseInstallations in Frameworks */ = {isa = PBXBuildFile; productRef = 966D47372D9A268200F167F0 /* FirebaseInstallations */; };
		966D473A2D9A268200F167F0 /* FirebaseMLModelDownloader in Frameworks */ = {isa = PBXBuildFile; productRef = 966D47392D9A268200F167F0 /* FirebaseMLModelDownloader */; };
		966D473C2D9A268200F167F0 /* FirebaseMessaging in Frameworks */ = {isa = PBXBuildFile; productRef = 966D473B2D9A268200F167F0 /* FirebaseMessaging */; };
		966D473E2D9A268200F167F0 /* FirebasePerformance in Frameworks */ = {isa = PBXBuildFile; productRef = 966D473D2D9A268200F167F0 /* FirebasePerformance */; };
		966D47402D9A268200F167F0 /* FirebaseRemoteConfig in Frameworks */ = {isa = PBXBuildFile; productRef = 966D473F2D9A268200F167F0 /* FirebaseRemoteConfig */; };
		966D47422D9A268200F167F0 /* FirebaseStorage in Frameworks */ = {isa = PBXBuildFile; productRef = 966D47412D9A268200F167F0 /* FirebaseStorage */; };
/* End PBXBuildFile section */

/* Begin PBXContainerItemProxy section */
		966D46D82D9A108A00F167F0 /* PBXContainerItemProxy */ = {
			isa = PBXContainerItemProxy;
			containerPortal = 966D46BF2D9A108700F167F0 /* Project object */;
			proxyType = 1;
			remoteGlobalIDString = 966D46C62D9A108700F167F0;
			remoteInfo = BeautyBookingApp;
		};
		966D46E22D9A108A00F167F0 /* PBXContainerItemProxy */ = {
			isa = PBXContainerItemProxy;
			containerPortal = 966D46BF2D9A108700F167F0 /* Project object */;
			proxyType = 1;
			remoteGlobalIDString = 966D46C62D9A108700F167F0;
			remoteInfo = BeautyBookingApp;
		};
/* End PBXContainerItemProxy section */

/* Begin PBXFileReference section */
		966D46C72D9A108700F167F0 /* BeautyBookingApp.app */ = {isa = PBXFileReference; explicitFileType = wrapper.application; includeInIndex = 0; path = BeautyBookingApp.app; sourceTree = BUILT_PRODUCTS_DIR; };
		966D46D72D9A108A00F167F0 /* BeautyBookingAppTests.xctest */ = {isa = PBXFileReference; explicitFileType = wrapper.cfbundle; includeInIndex = 0; path = BeautyBookingAppTests.xctest; sourceTree = BUILT_PRODUCTS_DIR; };
		966D46E12D9A108A00F167F0 /* BeautyBookingAppUITests.xctest */ = {isa = PBXFileReference; explicitFileType = wrapper.cfbundle; includeInIndex = 0; path = BeautyBookingAppUITests.xctest; sourceTree = BUILT_PRODUCTS_DIR; };
/* End PBXFileReference section */

/* Begin PBXFileSystemSynchronizedBuildFileExceptionSet section */
		968442DF2DB5C0DA00915677 /* Exceptions for "BeautyBookingApp" folder in "BeautyBookingApp" target */ = {
			isa = PBXFileSystemSynchronizedBuildFileExceptionSet;
			membershipExceptions = (
				Info.plist,
			);
			target = 966D46C62D9A108700F167F0 /* BeautyBookingApp */;
		};
/* End PBXFileSystemSynchronizedBuildFileExceptionSet section */

/* Begin PBXFileSystemSynchronizedRootGroup section */
		966D46C92D9A108700F167F0 /* BeautyBookingApp */ = {
			isa = PBXFileSystemSynchronizedRootGroup;
			exceptions = (
				968442DF2DB5C0DA00915677 /* Exceptions for "BeautyBookingApp" folder in "BeautyBookingApp" target */,
			);
			path = BeautyBookingApp;
			sourceTree = "<group>";
		};
		966D46DA2D9A108A00F167F0 /* BeautyBookingAppTests */ = {
			isa = PBXFileSystemSynchronizedRootGroup;
			path = BeautyBookingAppTests;
			sourceTree = "<group>";
		};
		966D46E42D9A108A00F167F0 /* BeautyBookingAppUITests */ = {
			isa = PBXFileSystemSynchronizedRootGroup;
			path = BeautyBookingAppUITests;
			sourceTree = "<group>";
		};
/* End PBXFileSystemSynchronizedRootGroup section */

/* Begin PBXFrameworksBuildPhase section */
		966D46C42D9A108700F167F0 /* Frameworks */ = {
			isa = PBXFrameworksBuildPhase;
			buildActionMask = 2147483647;
			files = (
				966D47302D9A268200F167F0 /* FirebaseFirestoreCombine-Community in Frameworks */,
				966D47322D9A268200F167F0 /* FirebaseFunctions in Frameworks */,
				966D473E2D9A268200F167F0 /* FirebasePerformance in Frameworks */,
				966D47402D9A268200F167F0 /* FirebaseRemoteConfig in Frameworks */,
				966D472A2D9A268200F167F0 /* FirebaseDatabase in Frameworks */,
				966D472C2D9A268200F167F0 /* FirebaseDynamicLinks in Frameworks */,
				966D47242D9A268200F167F0 /* FirebaseAppDistribution-Beta in Frameworks */,
				966D47142D9A17A900F167F0 /* FirebaseCore in Frameworks */,
				966D47202D9A268200F167F0 /* FirebaseAnalyticsWithoutAdIdSupport in Frameworks */,
				966D472E2D9A268200F167F0 /* FirebaseFirestore in Frameworks */,
				966D473C2D9A268200F167F0 /* FirebaseMessaging in Frameworks */,
				966D47382D9A268200F167F0 /* FirebaseInstallations in Frameworks */,
				966D47342D9A268200F167F0 /* FirebaseFunctionsCombine-Community in Frameworks */,
				966D47122D9A17A900F167F0 /* FirebaseAuth in Frameworks */,
				966D471C2D9A268200F167F0 /* FirebaseAnalytics in Frameworks */,
				966D47362D9A268200F167F0 /* FirebaseInAppMessaging-Beta in Frameworks */,
				966D47222D9A268200F167F0 /* FirebaseAppCheck in Frameworks */,
				966D47282D9A268200F167F0 /* FirebaseCrashlytics in Frameworks */,
				966D473A2D9A268200F167F0 /* FirebaseMLModelDownloader in Frameworks */,
				966D47422D9A268200F167F0 /* FirebaseStorage in Frameworks */,
				966D471E2D9A268200F167F0 /* FirebaseAnalyticsOnDeviceConversion in Frameworks */,
				966D47262D9A268200F167F0 /* FirebaseAuthCombine-Community in Frameworks */,
			);
			runOnlyForDeploymentPostprocessing = 0;
		};
		966D46D42D9A108A00F167F0 /* Frameworks */ = {
			isa = PBXFrameworksBuildPhase;
			buildActionMask = 2147483647;
			files = (
			);
			runOnlyForDeploymentPostprocessing = 0;
		};
		966D46DE2D9A108A00F167F0 /* Frameworks */ = {
			isa = PBXFrameworksBuildPhase;
			buildActionMask = 2147483647;
			files = (
			);
			runOnlyForDeploymentPostprocessing = 0;
		};
/* End PBXFrameworksBuildPhase section */

/* Begin PBXGroup section */
		966D46BE2D9A108700F167F0 = {
			isa = PBXGroup;
			children = (
				966D46C92D9A108700F167F0 /* BeautyBookingApp */,
				966D46DA2D9A108A00F167F0 /* BeautyBookingAppTests */,
				966D46E42D9A108A00F167F0 /* BeautyBookingAppUITests */,
				966D46C82D9A108700F167F0 /* Products */,
			);
			sourceTree = "<group>";
		};
		966D46C82D9A108700F167F0 /* Products */ = {
			isa = PBXGroup;
			children = (
				966D46C72D9A108700F167F0 /* BeautyBookingApp.app */,
				966D46D72D9A108A00F167F0 /* BeautyBookingAppTests.xctest */,
				966D46E12D9A108A00F167F0 /* BeautyBookingAppUITests.xctest */,
			);
			name = Products;
			sourceTree = "<group>";
		};
/* End PBXGroup section */

/* Begin PBXNativeTarget section */
		966D46C62D9A108700F167F0 /* BeautyBookingApp */ = {
			isa = PBXNativeTarget;
			buildConfigurationList = 966D46EB2D9A108A00F167F0 /* Build configuration list for PBXNativeTarget "BeautyBookingApp" */;
			buildPhases = (
				966D46C32D9A108700F167F0 /* Sources */,
				966D46C42D9A108700F167F0 /* Frameworks */,
				966D46C52D9A108700F167F0 /* Resources */,
			);
			buildRules = (
			);
			dependencies = (
			);
			fileSystemSynchronizedGroups = (
				966D46C92D9A108700F167F0 /* BeautyBookingApp */,
			);
			name = BeautyBookingApp;
			packageProductDependencies = (
				966D47112D9A17A900F167F0 /* FirebaseAuth */,
				966D47132D9A17A900F167F0 /* FirebaseCore */,
				966D471B2D9A268200F167F0 /* FirebaseAnalytics */,
				966D471D2D9A268200F167F0 /* FirebaseAnalyticsOnDeviceConversion */,
				966D471F2D9A268200F167F0 /* FirebaseAnalyticsWithoutAdIdSupport */,
				966D47212D9A268200F167F0 /* FirebaseAppCheck */,
				966D47232D9A268200F167F0 /* FirebaseAppDistribution-Beta */,
				966D47252D9A268200F167F0 /* FirebaseAuthCombine-Community */,
				966D47272D9A268200F167F0 /* FirebaseCrashlytics */,
				966D47292D9A268200F167F0 /* FirebaseDatabase */,
				966D472B2D9A268200F167F0 /* FirebaseDynamicLinks */,
				966D472D2D9A268200F167F0 /* FirebaseFirestore */,
				966D472F2D9A268200F167F0 /* FirebaseFirestoreCombine-Community */,
				966D47312D9A268200F167F0 /* FirebaseFunctions */,
				966D47332D9A268200F167F0 /* FirebaseFunctionsCombine-Community */,
				966D47352D9A268200F167F0 /* FirebaseInAppMessaging-Beta */,
				966D47372D9A268200F167F0 /* FirebaseInstallations */,
				966D47392D9A268200F167F0 /* FirebaseMLModelDownloader */,
				966D473B2D9A268200F167F0 /* FirebaseMessaging */,
				966D473D2D9A268200F167F0 /* FirebasePerformance */,
				966D473F2D9A268200F167F0 /* FirebaseRemoteConfig */,
				966D47412D9A268200F167F0 /* FirebaseStorage */,
			);
			productName = BeautyBookingApp;
			productReference = 966D46C72D9A108700F167F0 /* BeautyBookingApp.app */;
			productType = "com.apple.product-type.application";
		};
		966D46D62D9A108A00F167F0 /* BeautyBookingAppTests */ = {
			isa = PBXNativeTarget;
			buildConfigurationList = 966D46EE2D9A108A00F167F0 /* Build configuration list for PBXNativeTarget "BeautyBookingAppTests" */;
			buildPhases = (
				966D46D32D9A108A00F167F0 /* Sources */,
				966D46D42D9A108A00F167F0 /* Frameworks */,
				966D46D52D9A108A00F167F0 /* Resources */,
			);
			buildRules = (
			);
			dependencies = (
				966D46D92D9A108A00F167F0 /* PBXTargetDependency */,
			);
			fileSystemSynchronizedGroups = (
				966D46DA2D9A108A00F167F0 /* BeautyBookingAppTests */,
			);
			name = BeautyBookingAppTests;
			packageProductDependencies = (
			);
			productName = BeautyBookingAppTests;
			productReference = 966D46D72D9A108A00F167F0 /* BeautyBookingAppTests.xctest */;
			productType = "com.apple.product-type.bundle.unit-test";
		};
		966D46E02D9A108A00F167F0 /* BeautyBookingAppUITests */ = {
			isa = PBXNativeTarget;
			buildConfigurationList = 966D46F12D9A108A00F167F0 /* Build configuration list for PBXNativeTarget "BeautyBookingAppUITests" */;
			buildPhases = (
				966D46DD2D9A108A00F167F0 /* Sources */,
				966D46DE2D9A108A00F167F0 /* Frameworks */,
				966D46DF2D9A108A00F167F0 /* Resources */,
			);
			buildRules = (
			);
			dependencies = (
				966D46E32D9A108A00F167F0 /* PBXTargetDependency */,
			);
			fileSystemSynchronizedGroups = (
				966D46E42D9A108A00F167F0 /* BeautyBookingAppUITests */,
			);
			name = BeautyBookingAppUITests;
			packageProductDependencies = (
			);
			productName = BeautyBookingAppUITests;
			productReference = 966D46E12D9A108A00F167F0 /* BeautyBookingAppUITests.xctest */;
			productType = "com.apple.product-type.bundle.ui-testing";
		};
/* End PBXNativeTarget section */

/* Begin PBXProject section */
		966D46BF2D9A108700F167F0 /* Project object */ = {
			isa = PBXProject;
			attributes = {
				BuildIndependentTargetsInParallel = 1;
				LastSwiftUpdateCheck = 1620;
				LastUpgradeCheck = 1620;
				TargetAttributes = {
					966D46C62D9A108700F167F0 = {
						CreatedOnToolsVersion = 16.2;
					};
					966D46D62D9A108A00F167F0 = {
						CreatedOnToolsVersion = 16.2;
						TestTargetID = 966D46C62D9A108700F167F0;
					};
					966D46E02D9A108A00F167F0 = {
						CreatedOnToolsVersion = 16.2;
						TestTargetID = 966D46C62D9A108700F167F0;
					};
				};
			};
			buildConfigurationList = 966D46C22D9A108700F167F0 /* Build configuration list for PBXProject "BeautyBookingApp" */;
			developmentRegion = en;
			hasScannedForEncodings = 0;
			knownRegions = (
				en,
				Base,
			);
			mainGroup = 966D46BE2D9A108700F167F0;
			minimizedProjectReferenceProxies = 1;
			packageReferences = (
				966D47102D9A17A900F167F0 /* XCRemoteSwiftPackageReference "firebase-ios-sdk" */,
			);
			preferredProjectObjectVersion = 77;
			productRefGroup = 966D46C82D9A108700F167F0 /* Products */;
			projectDirPath = "";
			projectRoot = "";
			targets = (
				966D46C62D9A108700F167F0 /* BeautyBookingApp */,
				966D46D62D9A108A00F167F0 /* BeautyBookingAppTests */,
				966D46E02D9A108A00F167F0 /* BeautyBookingAppUITests */,
			);
		};
/* End PBXProject section */

/* Begin PBXResourcesBuildPhase section */
		966D46C52D9A108700F167F0 /* Resources */ = {
			isa = PBXResourcesBuildPhase;
			buildActionMask = 2147483647;
			files = (
			);
			runOnlyForDeploymentPostprocessing = 0;
		};
		966D46D52D9A108A00F167F0 /* Resources */ = {
			isa = PBXResourcesBuildPhase;
			buildActionMask = 2147483647;
			files = (
			);
			runOnlyForDeploymentPostprocessing = 0;
		};
		966D46DF2D9A108A00F167F0 /* Resources */ = {
			isa = PBXResourcesBuildPhase;
			buildActionMask = 2147483647;
			files = (
			);
			runOnlyForDeploymentPostprocessing = 0;
		};
/* End PBXResourcesBuildPhase section */

/* Begin PBXSourcesBuildPhase section */
		966D46C32D9A108700F167F0 /* Sources */ = {
			isa = PBXSourcesBuildPhase;
			buildActionMask = 2147483647;
			files = (
			);
			runOnlyForDeploymentPostprocessing = 0;
		};
		966D46D32D9A108A00F167F0 /* Sources */ = {
			isa = PBXSourcesBuildPhase;
			buildActionMask = 2147483647;
			files = (
			);
			runOnlyForDeploymentPostprocessing = 0;
		};
		966D46DD2D9A108A00F167F0 /* Sources */ = {
			isa = PBXSourcesBuildPhase;
			buildActionMask = 2147483647;
			files = (
			);
			runOnlyForDeploymentPostprocessing = 0;
		};
/* End PBXSourcesBuildPhase section */

/* Begin PBXTargetDependency section */
		966D46D92D9A108A00F167F0 /* PBXTargetDependency */ = {
			isa = PBXTargetDependency;
			target = 966D46C62D9A108700F167F0 /* BeautyBookingApp */;
			targetProxy = 966D46D82D9A108A00F167F0 /* PBXContainerItemProxy */;
		};
		966D46E32D9A108A00F167F0 /* PBXTargetDependency */ = {
			isa = PBXTargetDependency;
			target = 966D46C62D9A108700F167F0 /* BeautyBookingApp */;
			targetProxy = 966D46E22D9A108A00F167F0 /* PBXContainerItemProxy */;
		};
/* End PBXTargetDependency section */

/* Begin XCBuildConfiguration section */
		966D46E92D9A108A00F167F0 /* Debug */ = {
			isa = XCBuildConfiguration;
			buildSettings = {
				ALWAYS_SEARCH_USER_PATHS = NO;
				ASSETCATALOG_COMPILER_GENERATE_SWIFT_ASSET_SYMBOL_EXTENSIONS = YES;
				CLANG_ANALYZER_NONNULL = YES;
				CLANG_ANALYZER_NUMBER_OBJECT_CONVERSION = YES_AGGRESSIVE;
				CLANG_CXX_LANGUAGE_STANDARD = "gnu++20";
				CLANG_ENABLE_MODULES = YES;
				CLANG_ENABLE_OBJC_ARC = YES;
				CLANG_ENABLE_OBJC_WEAK = YES;
				CLANG_WARN_BLOCK_CAPTURE_AUTORELEASING = YES;
				CLANG_WARN_BOOL_CONVERSION = YES;
				CLANG_WARN_COMMA = YES;
				CLANG_WARN_CONSTANT_CONVERSION = YES;
				CLANG_WARN_DEPRECATED_OBJC_IMPLEMENTATIONS = YES;
				CLANG_WARN_DIRECT_OBJC_ISA_USAGE = YES_ERROR;
				CLANG_WARN_DOCUMENTATION_COMMENTS = YES;
				CLANG_WARN_EMPTY_BODY = YES;
				CLANG_WARN_ENUM_CONVERSION = YES;
				CLANG_WARN_INFINITE_RECURSION = YES;
				CLANG_WARN_INT_CONVERSION = YES;
				CLANG_WARN_NON_LITERAL_NULL_CONVERSION = YES;
				CLANG_WARN_OBJC_IMPLICIT_RETAIN_SELF = YES;
				CLANG_WARN_OBJC_LITERAL_CONVERSION = YES;
				CLANG_WARN_OBJC_ROOT_CLASS = YES_ERROR;
				CLANG_WARN_QUOTED_INCLUDE_IN_FRAMEWORK_HEADER = YES;
				CLANG_WARN_RANGE_LOOP_ANALYSIS = YES;
				CLANG_WARN_STRICT_PROTOTYPES = YES;
				CLANG_WARN_SUSPICIOUS_MOVE = YES;
				CLANG_WARN_UNGUARDED_AVAILABILITY = YES_AGGRESSIVE;
				CLANG_WARN_UNREACHABLE_CODE = YES;
				CLANG_WARN__DUPLICATE_METHOD_MATCH = YES;
				COPY_PHASE_STRIP = NO;
				DEBUG_INFORMATION_FORMAT = dwarf;
				ENABLE_STRICT_OBJC_MSGSEND = YES;
				ENABLE_TESTABILITY = YES;
				ENABLE_USER_SCRIPT_SANDBOXING = YES;
				GCC_C_LANGUAGE_STANDARD = gnu17;
				GCC_DYNAMIC_NO_PIC = NO;
				GCC_NO_COMMON_BLOCKS = YES;
				GCC_OPTIMIZATION_LEVEL = 0;
				GCC_PREPROCESSOR_DEFINITIONS = (
					"DEBUG=1",
					"$(inherited)",
				);
				GCC_WARN_64_TO_32_BIT_CONVERSION = YES;
				GCC_WARN_ABOUT_RETURN_TYPE = YES_ERROR;
				GCC_WARN_UNDECLARED_SELECTOR = YES;
				GCC_WARN_UNINITIALIZED_AUTOS = YES_AGGRESSIVE;
				GCC_WARN_UNUSED_FUNCTION = YES;
				GCC_WARN_UNUSED_VARIABLE = YES;
				IPHONEOS_DEPLOYMENT_TARGET = 18.2;
				LOCALIZATION_PREFERS_STRING_CATALOGS = YES;
				MTL_ENABLE_DEBUG_INFO = INCLUDE_SOURCE;
				MTL_FAST_MATH = YES;
				ONLY_ACTIVE_ARCH = YES;
				SDKROOT = iphoneos;
				SWIFT_ACTIVE_COMPILATION_CONDITIONS = "DEBUG $(inherited)";
				SWIFT_OPTIMIZATION_LEVEL = "-Onone";
			};
			name = Debug;
		};
		966D46EA2D9A108A00F167F0 /* Release */ = {
			isa = XCBuildConfiguration;
			buildSettings = {
				ALWAYS_SEARCH_USER_PATHS = NO;
				ASSETCATALOG_COMPILER_GENERATE_SWIFT_ASSET_SYMBOL_EXTENSIONS = YES;
				CLANG_ANALYZER_NONNULL = YES;
				CLANG_ANALYZER_NUMBER_OBJECT_CONVERSION = YES_AGGRESSIVE;
				CLANG_CXX_LANGUAGE_STANDARD = "gnu++20";
				CLANG_ENABLE_MODULES = YES;
				CLANG_ENABLE_OBJC_ARC = YES;
				CLANG_ENABLE_OBJC_WEAK = YES;
				CLANG_WARN_BLOCK_CAPTURE_AUTORELEASING = YES;
				CLANG_WARN_BOOL_CONVERSION = YES;
				CLANG_WARN_COMMA = YES;
				CLANG_WARN_CONSTANT_CONVERSION = YES;
				CLANG_WARN_DEPRECATED_OBJC_IMPLEMENTATIONS = YES;
				CLANG_WARN_DIRECT_OBJC_ISA_USAGE = YES_ERROR;
				CLANG_WARN_DOCUMENTATION_COMMENTS = YES;
				CLANG_WARN_EMPTY_BODY = YES;
				CLANG_WARN_ENUM_CONVERSION = YES;
				CLANG_WARN_INFINITE_RECURSION = YES;
				CLANG_WARN_INT_CONVERSION = YES;
				CLANG_WARN_NON_LITERAL_NULL_CONVERSION = YES;
				CLANG_WARN_OBJC_IMPLICIT_RETAIN_SELF = YES;
				CLANG_WARN_OBJC_LITERAL_CONVERSION = YES;
				CLANG_WARN_OBJC_ROOT_CLASS = YES_ERROR;
				CLANG_WARN_QUOTED_INCLUDE_IN_FRAMEWORK_HEADER = YES;
				CLANG_WARN_RANGE_LOOP_ANALYSIS = YES;
				CLANG_WARN_STRICT_PROTOTYPES = YES;
				CLANG_WARN_SUSPICIOUS_MOVE = YES;
				CLANG_WARN_UNGUARDED_AVAILABILITY = YES_AGGRESSIVE;
				CLANG_WARN_UNREACHABLE_CODE = YES;
				CLANG_WARN__DUPLICATE_METHOD_MATCH = YES;
				COPY_PHASE_STRIP = NO;
				DEBUG_INFORMATION_FORMAT = "dwarf-with-dsym";
				ENABLE_NS_ASSERTIONS = NO;
				ENABLE_STRICT_OBJC_MSGSEND = YES;
				ENABLE_USER_SCRIPT_SANDBOXING = YES;
				GCC_C_LANGUAGE_STANDARD = gnu17;
				GCC_NO_COMMON_BLOCKS = YES;
				GCC_WARN_64_TO_32_BIT_CONVERSION = YES;
				GCC_WARN_ABOUT_RETURN_TYPE = YES_ERROR;
				GCC_WARN_UNDECLARED_SELECTOR = YES;
				GCC_WARN_UNINITIALIZED_AUTOS = YES_AGGRESSIVE;
				GCC_WARN_UNUSED_FUNCTION = YES;
				GCC_WARN_UNUSED_VARIABLE = YES;
				IPHONEOS_DEPLOYMENT_TARGET = 18.2;
				LOCALIZATION_PREFERS_STRING_CATALOGS = YES;
				MTL_ENABLE_DEBUG_INFO = NO;
				MTL_FAST_MATH = YES;
				SDKROOT = iphoneos;
				SWIFT_COMPILATION_MODE = wholemodule;
				VALIDATE_PRODUCT = YES;
			};
			name = Release;
		};
		966D46EC2D9A108A00F167F0 /* Debug */ = {
			isa = XCBuildConfiguration;
			buildSettings = {
				ASSETCATALOG_COMPILER_APPICON_NAME = AppIcon;
				ASSETCATALOG_COMPILER_GLOBAL_ACCENT_COLOR_NAME = AccentColor;
				CODE_SIGN_STYLE = Automatic;
				CURRENT_PROJECT_VERSION = 1;
				DEVELOPMENT_ASSET_PATHS = "\"BeautyBookingApp/Preview Content\"";
				ENABLE_PREVIEWS = YES;
				GENERATE_INFOPLIST_FILE = YES;
				INFOPLIST_FILE = BeautyBookingApp/Info.plist;
				INFOPLIST_KEY_NSLocationWhenInUseUsageDescription = NSLocationAlwaysAndWhenInUseUsageDescription;
				INFOPLIST_KEY_UIApplicationSceneManifest_Generation = YES;
				INFOPLIST_KEY_UIApplicationSupportsIndirectInputEvents = YES;
				INFOPLIST_KEY_UILaunchScreen_Generation = YES;
				INFOPLIST_KEY_UISupportedInterfaceOrientations_iPad = "UIInterfaceOrientationPortrait UIInterfaceOrientationPortraitUpsideDown UIInterfaceOrientationLandscapeLeft UIInterfaceOrientationLandscapeRight";
				INFOPLIST_KEY_UISupportedInterfaceOrientations_iPhone = "UIInterfaceOrientationPortrait UIInterfaceOrientationLandscapeLeft UIInterfaceOrientationLandscapeRight";
				LD_RUNPATH_SEARCH_PATHS = (
					"$(inherited)",
					"@executable_path/Frameworks",
				);
				MARKETING_VERSION = 1.0;
				PRODUCT_BUNDLE_IDENTIFIER = blhuynh2.BeautyBookingApp;
				PRODUCT_NAME = "$(TARGET_NAME)";
				SWIFT_EMIT_LOC_STRINGS = YES;
				SWIFT_VERSION = 5.0;
				TARGETED_DEVICE_FAMILY = "1,2";
			};
			name = Debug;
		};
		966D46ED2D9A108A00F167F0 /* Release */ = {
			isa = XCBuildConfiguration;
			buildSettings = {
				ASSETCATALOG_COMPILER_APPICON_NAME = AppIcon;
				ASSETCATALOG_COMPILER_GLOBAL_ACCENT_COLOR_NAME = AccentColor;
				CODE_SIGN_STYLE = Automatic;
				CURRENT_PROJECT_VERSION = 1;
				DEVELOPMENT_ASSET_PATHS = "\"BeautyBookingApp/Preview Content\"";
				ENABLE_PREVIEWS = YES;
				GENERATE_INFOPLIST_FILE = YES;
				INFOPLIST_FILE = BeautyBookingApp/Info.plist;
				INFOPLIST_KEY_NSLocationWhenInUseUsageDescription = NSLocationAlwaysAndWhenInUseUsageDescription;
				INFOPLIST_KEY_UIApplicationSceneManifest_Generation = YES;
				INFOPLIST_KEY_UIApplicationSupportsIndirectInputEvents = YES;
				INFOPLIST_KEY_UILaunchScreen_Generation = YES;
				INFOPLIST_KEY_UISupportedInterfaceOrientations_iPad = "UIInterfaceOrientationPortrait UIInterfaceOrientationPortraitUpsideDown UIInterfaceOrientationLandscapeLeft UIInterfaceOrientationLandscapeRight";
				INFOPLIST_KEY_UISupportedInterfaceOrientations_iPhone = "UIInterfaceOrientationPortrait UIInterfaceOrientationLandscapeLeft UIInterfaceOrientationLandscapeRight";
				LD_RUNPATH_SEARCH_PATHS = (
					"$(inherited)",
					"@executable_path/Frameworks",
				);
				MARKETING_VERSION = 1.0;
				PRODUCT_BUNDLE_IDENTIFIER = blhuynh2.BeautyBookingApp;
				PRODUCT_NAME = "$(TARGET_NAME)";
				SWIFT_EMIT_LOC_STRINGS = YES;
				SWIFT_VERSION = 5.0;
				TARGETED_DEVICE_FAMILY = "1,2";
			};
			name = Release;
		};
		966D46EF2D9A108A00F167F0 /* Debug */ = {
			isa = XCBuildConfiguration;
			buildSettings = {
				BUNDLE_LOADER = "$(TEST_HOST)";
				CODE_SIGN_STYLE = Automatic;
				CURRENT_PROJECT_VERSION = 1;
				GENERATE_INFOPLIST_FILE = YES;
				IPHONEOS_DEPLOYMENT_TARGET = 18.2;
				MARKETING_VERSION = 1.0;
				PRODUCT_BUNDLE_IDENTIFIER = blhuynh2.BeautyBookingAppTests;
				PRODUCT_NAME = "$(TARGET_NAME)";
				SWIFT_EMIT_LOC_STRINGS = NO;
				SWIFT_VERSION = 5.0;
				TARGETED_DEVICE_FAMILY = "1,2";
				TEST_HOST = "$(BUILT_PRODUCTS_DIR)/BeautyBookingApp.app/$(BUNDLE_EXECUTABLE_FOLDER_PATH)/BeautyBookingApp";
			};
			name = Debug;
		};
		966D46F02D9A108A00F167F0 /* Release */ = {
			isa = XCBuildConfiguration;
			buildSettings = {
				BUNDLE_LOADER = "$(TEST_HOST)";
				CODE_SIGN_STYLE = Automatic;
				CURRENT_PROJECT_VERSION = 1;
				GENERATE_INFOPLIST_FILE = YES;
				IPHONEOS_DEPLOYMENT_TARGET = 18.2;
				MARKETING_VERSION = 1.0;
				PRODUCT_BUNDLE_IDENTIFIER = blhuynh2.BeautyBookingAppTests;
				PRODUCT_NAME = "$(TARGET_NAME)";
				SWIFT_EMIT_LOC_STRINGS = NO;
				SWIFT_VERSION = 5.0;
				TARGETED_DEVICE_FAMILY = "1,2";
				TEST_HOST = "$(BUILT_PRODUCTS_DIR)/BeautyBookingApp.app/$(BUNDLE_EXECUTABLE_FOLDER_PATH)/BeautyBookingApp";
			};
			name = Release;
		};
		966D46F22D9A108A00F167F0 /* Debug */ = {
			isa = XCBuildConfiguration;
			buildSettings = {
				CODE_SIGN_STYLE = Automatic;
				CURRENT_PROJECT_VERSION = 1;
				GENERATE_INFOPLIST_FILE = YES;
				MARKETING_VERSION = 1.0;
				PRODUCT_BUNDLE_IDENTIFIER = blhuynh2.BeautyBookingAppUITests;
				PRODUCT_NAME = "$(TARGET_NAME)";
				SWIFT_EMIT_LOC_STRINGS = NO;
				SWIFT_VERSION = 5.0;
				TARGETED_DEVICE_FAMILY = "1,2";
				TEST_TARGET_NAME = BeautyBookingApp;
			};
			name = Debug;
		};
		966D46F32D9A108A00F167F0 /* Release */ = {
			isa = XCBuildConfiguration;
			buildSettings = {
				CODE_SIGN_STYLE = Automatic;
				CURRENT_PROJECT_VERSION = 1;
				GENERATE_INFOPLIST_FILE = YES;
				MARKETING_VERSION = 1.0;
				PRODUCT_BUNDLE_IDENTIFIER = blhuynh2.BeautyBookingAppUITests;
				PRODUCT_NAME = "$(TARGET_NAME)";
				SWIFT_EMIT_LOC_STRINGS = NO;
				SWIFT_VERSION = 5.0;
				TARGETED_DEVICE_FAMILY = "1,2";
				TEST_TARGET_NAME = BeautyBookingApp;
			};
			name = Release;
		};
/* End XCBuildConfiguration section */

/* Begin XCConfigurationList section */
		966D46C22D9A108700F167F0 /* Build configuration list for PBXProject "BeautyBookingApp" */ = {
			isa = XCConfigurationList;
			buildConfigurations = (
				966D46E92D9A108A00F167F0 /* Debug */,
				966D46EA2D9A108A00F167F0 /* Release */,
			);
			defaultConfigurationIsVisible = 0;
			defaultConfigurationName = Release;
		};
		966D46EB2D9A108A00F167F0 /* Build configuration list for PBXNativeTarget "BeautyBookingApp" */ = {
			isa = XCConfigurationList;
			buildConfigurations = (
				966D46EC2D9A108A00F167F0 /* Debug */,
				966D46ED2D9A108A00F167F0 /* Release */,
			);
			defaultConfigurationIsVisible = 0;
			defaultConfigurationName = Release;
		};
		966D46EE2D9A108A00F167F0 /* Build configuration list for PBXNativeTarget "BeautyBookingAppTests" */ = {
			isa = XCConfigurationList;
			buildConfigurations = (
				966D46EF2D9A108A00F167F0 /* Debug */,
				966D46F02D9A108A00F167F0 /* Release */,
			);
			defaultConfigurationIsVisible = 0;
			defaultConfigurationName = Release;
		};
		966D46F12D9A108A00F167F0 /* Build configuration list for PBXNativeTarget "BeautyBookingAppUITests" */ = {
			isa = XCConfigurationList;
			buildConfigurations = (
				966D46F22D9A108A00F167F0 /* Debug */,
				966D46F32D9A108A00F167F0 /* Release */,
			);
			defaultConfigurationIsVisible = 0;
			defaultConfigurationName = Release;
		};
/* End XCConfigurationList section */

/* Begin XCRemoteSwiftPackageReference section */
		966D47102D9A17A900F167F0 /* XCRemoteSwiftPackageReference "firebase-ios-sdk" */ = {
			isa = XCRemoteSwiftPackageReference;
			repositoryURL = "https://github.com/firebase/firebase-ios-sdk";
			requirement = {
				kind = upToNextMajorVersion;
				minimumVersion = 11.10.0;
			};
		};
/* End XCRemoteSwiftPackageReference section */

/* Begin XCSwiftPackageProductDependency section */
		966D47112D9A17A900F167F0 /* FirebaseAuth */ = {
			isa = XCSwiftPackageProductDependency;
			package = 966D47102D9A17A900F167F0 /* XCRemoteSwiftPackageReference "firebase-ios-sdk" */;
			productName = FirebaseAuth;
		};
		966D47132D9A17A900F167F0 /* FirebaseCore */ = {
			isa = XCSwiftPackageProductDependency;
			package = 966D47102D9A17A900F167F0 /* XCRemoteSwiftPackageReference "firebase-ios-sdk" */;
			productName = FirebaseCore;
		};
		966D471B2D9A268200F167F0 /* FirebaseAnalytics */ = {
			isa = XCSwiftPackageProductDependency;
			package = 966D47102D9A17A900F167F0 /* XCRemoteSwiftPackageReference "firebase-ios-sdk" */;
			productName = FirebaseAnalytics;
		};
		966D471D2D9A268200F167F0 /* FirebaseAnalyticsOnDeviceConversion */ = {
			isa = XCSwiftPackageProductDependency;
			package = 966D47102D9A17A900F167F0 /* XCRemoteSwiftPackageReference "firebase-ios-sdk" */;
			productName = FirebaseAnalyticsOnDeviceConversion;
		};
		966D471F2D9A268200F167F0 /* FirebaseAnalyticsWithoutAdIdSupport */ = {
			isa = XCSwiftPackageProductDependency;
			package = 966D47102D9A17A900F167F0 /* XCRemoteSwiftPackageReference "firebase-ios-sdk" */;
			productName = FirebaseAnalyticsWithoutAdIdSupport;
		};
		966D47212D9A268200F167F0 /* FirebaseAppCheck */ = {
			isa = XCSwiftPackageProductDependency;
			package = 966D47102D9A17A900F167F0 /* XCRemoteSwiftPackageReference "firebase-ios-sdk" */;
			productName = FirebaseAppCheck;
		};
		966D47232D9A268200F167F0 /* FirebaseAppDistribution-Beta */ = {
			isa = XCSwiftPackageProductDependency;
			package = 966D47102D9A17A900F167F0 /* XCRemoteSwiftPackageReference "firebase-ios-sdk" */;
			productName = "FirebaseAppDistribution-Beta";
		};
		966D47252D9A268200F167F0 /* FirebaseAuthCombine-Community */ = {
			isa = XCSwiftPackageProductDependency;
			package = 966D47102D9A17A900F167F0 /* XCRemoteSwiftPackageReference "firebase-ios-sdk" */;
			productName = "FirebaseAuthCombine-Community";
		};
		966D47272D9A268200F167F0 /* FirebaseCrashlytics */ = {
			isa = XCSwiftPackageProductDependency;
			package = 966D47102D9A17A900F167F0 /* XCRemoteSwiftPackageReference "firebase-ios-sdk" */;
			productName = FirebaseCrashlytics;
		};
		966D47292D9A268200F167F0 /* FirebaseDatabase */ = {
			isa = XCSwiftPackageProductDependency;
			package = 966D47102D9A17A900F167F0 /* XCRemoteSwiftPackageReference "firebase-ios-sdk" */;
			productName = FirebaseDatabase;
		};
		966D472B2D9A268200F167F0 /* FirebaseDynamicLinks */ = {
			isa = XCSwiftPackageProductDependency;
			package = 966D47102D9A17A900F167F0 /* XCRemoteSwiftPackageReference "firebase-ios-sdk" */;
			productName = FirebaseDynamicLinks;
		};
		966D472D2D9A268200F167F0 /* FirebaseFirestore */ = {
			isa = XCSwiftPackageProductDependency;
			package = 966D47102D9A17A900F167F0 /* XCRemoteSwiftPackageReference "firebase-ios-sdk" */;
			productName = FirebaseFirestore;
		};
		966D472F2D9A268200F167F0 /* FirebaseFirestoreCombine-Community */ = {
			isa = XCSwiftPackageProductDependency;
			package = 966D47102D9A17A900F167F0 /* XCRemoteSwiftPackageReference "firebase-ios-sdk" */;
			productName = "FirebaseFirestoreCombine-Community";
		};
		966D47312D9A268200F167F0 /* FirebaseFunctions */ = {
			isa = XCSwiftPackageProductDependency;
			package = 966D47102D9A17A900F167F0 /* XCRemoteSwiftPackageReference "firebase-ios-sdk" */;
			productName = FirebaseFunctions;
		};
		966D47332D9A268200F167F0 /* FirebaseFunctionsCombine-Community */ = {
			isa = XCSwiftPackageProductDependency;
			package = 966D47102D9A17A900F167F0 /* XCRemoteSwiftPackageReference "firebase-ios-sdk" */;
			productName = "FirebaseFunctionsCombine-Community";
		};
		966D47352D9A268200F167F0 /* FirebaseInAppMessaging-Beta */ = {
			isa = XCSwiftPackageProductDependency;
			package = 966D47102D9A17A900F167F0 /* XCRemoteSwiftPackageReference "firebase-ios-sdk" */;
			productName = "FirebaseInAppMessaging-Beta";
		};
		966D47372D9A268200F167F0 /* FirebaseInstallations */ = {
			isa = XCSwiftPackageProductDependency;
			package = 966D47102D9A17A900F167F0 /* XCRemoteSwiftPackageReference "firebase-ios-sdk" */;
			productName = FirebaseInstallations;
		};
		966D47392D9A268200F167F0 /* FirebaseMLModelDownloader */ = {
			isa = XCSwiftPackageProductDependency;
			package = 966D47102D9A17A900F167F0 /* XCRemoteSwiftPackageReference "firebase-ios-sdk" */;
			productName = FirebaseMLModelDownloader;
		};
		966D473B2D9A268200F167F0 /* FirebaseMessaging */ = {
			isa = XCSwiftPackageProductDependency;
			package = 966D47102D9A17A900F167F0 /* XCRemoteSwiftPackageReference "firebase-ios-sdk" */;
			productName = FirebaseMessaging;
		};
		966D473D2D9A268200F167F0 /* FirebasePerformance */ = {
			isa = XCSwiftPackageProductDependency;
			package = 966D47102D9A17A900F167F0 /* XCRemoteSwiftPackageReference "firebase-ios-sdk" */;
			productName = FirebasePerformance;
		};
		966D473F2D9A268200F167F0 /* FirebaseRemoteConfig */ = {
			isa = XCSwiftPackageProductDependency;
			package = 966D47102D9A17A900F167F0 /* XCRemoteSwiftPackageReference "firebase-ios-sdk" */;
			productName = FirebaseRemoteConfig;
		};
		966D47412D9A268200F167F0 /* FirebaseStorage */ = {
			isa = XCSwiftPackageProductDependency;
			package = 966D47102D9A17A900F167F0 /* XCRemoteSwiftPackageReference "firebase-ios-sdk" */;
			productName = FirebaseStorage;
		};
/* End XCSwiftPackageProductDependency section */
	};
	rootObject = 966D46BF2D9A108700F167F0 /* Project object */;
}
